// !$*UTF8*$!
{
	archiveVersion = 1;
	classes = {
	};
	objectVersion = 55;
	objects = {

/* Begin PBXBuildFile section */
		86B5E59D28BEE54D00765846 /* AppDelegate.swift in Sources */ = {isa = PBXBuildFile; fileRef = 86B5E59C28BEE54D00765846 /* AppDelegate.swift */; };
		86B5E59F28BEE54D00765846 /* SceneDelegate.swift in Sources */ = {isa = PBXBuildFile; fileRef = 86B5E59E28BEE54D00765846 /* SceneDelegate.swift */; };
		86B5E5A428BEE54D00765846 /* Main.storyboard in Resources */ = {isa = PBXBuildFile; fileRef = 86B5E5A228BEE54D00765846 /* Main.storyboard */; };
		86B5E5A628BEE54E00765846 /* Assets.xcassets in Resources */ = {isa = PBXBuildFile; fileRef = 86B5E5A528BEE54E00765846 /* Assets.xcassets */; };
		86B5E5A928BEE54E00765846 /* LaunchScreen.storyboard in Resources */ = {isa = PBXBuildFile; fileRef = 86B5E5A728BEE54E00765846 /* LaunchScreen.storyboard */; };
		86B5E5B728BEE61C00765846 /* User.swift in Sources */ = {isa = PBXBuildFile; fileRef = 86B5E5B628BEE61C00765846 /* User.swift */; };
		86B5E5B928BEE62300765846 /* Address.swift in Sources */ = {isa = PBXBuildFile; fileRef = 86B5E5B828BEE62300765846 /* Address.swift */; };
		86B5E5BC28BEE63100765846 /* Geo.swift in Sources */ = {isa = PBXBuildFile; fileRef = 86B5E5BB28BEE63100765846 /* Geo.swift */; };
		86B5E5C128BEE6AE00765846 /* Company.swift in Sources */ = {isa = PBXBuildFile; fileRef = 86B5E5C028BEE6AE00765846 /* Company.swift */; };
		86B5E5CA28BEE9DC00765846 /* ImagesView.storyboard in Resources */ = {isa = PBXBuildFile; fileRef = 86B5E5C928BEE9DC00765846 /* ImagesView.storyboard */; };
		86B5E5CC28BEE9E900765846 /* UsersView.storyboard in Resources */ = {isa = PBXBuildFile; fileRef = 86B5E5CB28BEE9E900765846 /* UsersView.storyboard */; };
		86B5E5CE28BEEACF00765846 /* MainCVController.swift in Sources */ = {isa = PBXBuildFile; fileRef = 86B5E5CD28BEEACF00765846 /* MainCVController.swift */; };
		86B5E5D028BEEAF300765846 /* MainCVCell.swift in Sources */ = {isa = PBXBuildFile; fileRef = 86B5E5CF28BEEAF300765846 /* MainCVCell.swift */; };
		86B5E5D228BEEB3900765846 /* ImageVC.swift in Sources */ = {isa = PBXBuildFile; fileRef = 86B5E5D128BEEB3900765846 /* ImageVC.swift */; };
		86B5E5D628BEEB7700765846 /* UsersTBC.swift in Sources */ = {isa = PBXBuildFile; fileRef = 86B5E5D528BEEB7700765846 /* UsersTBC.swift */; };
/* End PBXBuildFile section */

/* Begin PBXFileReference section */
		86B5E59928BEE54D00765846 /* APIApp.app */ = {isa = PBXFileReference; explicitFileType = wrapper.application; includeInIndex = 0; path = APIApp.app; sourceTree = BUILT_PRODUCTS_DIR; };
		86B5E59C28BEE54D00765846 /* AppDelegate.swift */ = {isa = PBXFileReference; lastKnownFileType = sourcecode.swift; path = AppDelegate.swift; sourceTree = "<group>"; };
		86B5E59E28BEE54D00765846 /* SceneDelegate.swift */ = {isa = PBXFileReference; lastKnownFileType = sourcecode.swift; path = SceneDelegate.swift; sourceTree = "<group>"; };
		86B5E5A328BEE54D00765846 /* Base */ = {isa = PBXFileReference; lastKnownFileType = file.storyboard; name = Base; path = Base.lproj/Main.storyboard; sourceTree = "<group>"; };
		86B5E5A528BEE54E00765846 /* Assets.xcassets */ = {isa = PBXFileReference; lastKnownFileType = folder.assetcatalog; path = Assets.xcassets; sourceTree = "<group>"; };
		86B5E5A828BEE54E00765846 /* Base */ = {isa = PBXFileReference; lastKnownFileType = file.storyboard; name = Base; path = Base.lproj/LaunchScreen.storyboard; sourceTree = "<group>"; };
		86B5E5AA28BEE54E00765846 /* Info.plist */ = {isa = PBXFileReference; lastKnownFileType = text.plist.xml; path = Info.plist; sourceTree = "<group>"; };
		86B5E5B628BEE61C00765846 /* User.swift */ = {isa = PBXFileReference; lastKnownFileType = sourcecode.swift; path = User.swift; sourceTree = "<group>"; };
		86B5E5B828BEE62300765846 /* Address.swift */ = {isa = PBXFileReference; lastKnownFileType = sourcecode.swift; path = Address.swift; sourceTree = "<group>"; };
		86B5E5BB28BEE63100765846 /* Geo.swift */ = {isa = PBXFileReference; lastKnownFileType = sourcecode.swift; path = Geo.swift; sourceTree = "<group>"; };
		86B5E5C028BEE6AE00765846 /* Company.swift */ = {isa = PBXFileReference; lastKnownFileType = sourcecode.swift; path = Company.swift; sourceTree = "<group>"; };
		86B5E5C928BEE9DC00765846 /* ImagesView.storyboard */ = {isa = PBXFileReference; lastKnownFileType = file.storyboard; path = ImagesView.storyboard; sourceTree = "<group>"; };
		86B5E5CB28BEE9E900765846 /* UsersView.storyboard */ = {isa = PBXFileReference; lastKnownFileType = file.storyboard; path = UsersView.storyboard; sourceTree = "<group>"; };
		86B5E5CD28BEEACF00765846 /* MainCVController.swift */ = {isa = PBXFileReference; lastKnownFileType = sourcecode.swift; path = MainCVController.swift; sourceTree = "<group>"; };
		86B5E5CF28BEEAF300765846 /* MainCVCell.swift */ = {isa = PBXFileReference; lastKnownFileType = sourcecode.swift; path = MainCVCell.swift; sourceTree = "<group>"; };
		86B5E5D128BEEB3900765846 /* ImageVC.swift */ = {isa = PBXFileReference; lastKnownFileType = sourcecode.swift; path = ImageVC.swift; sourceTree = "<group>"; };
		86B5E5D528BEEB7700765846 /* UsersTBC.swift */ = {isa = PBXFileReference; lastKnownFileType = sourcecode.swift; path = UsersTBC.swift; sourceTree = "<group>"; };
/* End PBXFileReference section */

/* Begin PBXFrameworksBuildPhase section */
		86B5E59628BEE54D00765846 /* Frameworks */ = {
			isa = PBXFrameworksBuildPhase;
			buildActionMask = 2147483647;
			files = (
			);
			runOnlyForDeploymentPostprocessing = 0;
		};
/* End PBXFrameworksBuildPhase section */

/* Begin PBXGroup section */
		86B5E59028BEE54D00765846 = {
			isa = PBXGroup;
			children = (
				86B5E59B28BEE54D00765846 /* APIApp */,
				86B5E59A28BEE54D00765846 /* Products */,
			);
			sourceTree = "<group>";
		};
		86B5E59A28BEE54D00765846 /* Products */ = {
			isa = PBXGroup;
			children = (
				86B5E59928BEE54D00765846 /* APIApp.app */,
			);
			name = Products;
			sourceTree = "<group>";
		};
		86B5E59B28BEE54D00765846 /* APIApp */ = {
			isa = PBXGroup;
			children = (
				86B5E5B228BEE5DB00765846 /* Models */,
				86B5E5C428BEE97200765846 /* Flow */,
				86B5E5B128BEE5D300765846 /* Views */,
				86B5E5B028BEE5C300765846 /* Delegates */,
				86B5E5A528BEE54E00765846 /* Assets.xcassets */,
				86B5E5AA28BEE54E00765846 /* Info.plist */,
			);
			path = APIApp;
			sourceTree = "<group>";
		};
		86B5E5B028BEE5C300765846 /* Delegates */ = {
			isa = PBXGroup;
			children = (
				86B5E59C28BEE54D00765846 /* AppDelegate.swift */,
				86B5E59E28BEE54D00765846 /* SceneDelegate.swift */,
			);
			path = Delegates;
			sourceTree = "<group>";
		};
		86B5E5B128BEE5D300765846 /* Views */ = {
			isa = PBXGroup;
			children = (
				86B5E5BD28BEE63B00765846 /* Main */,
				86B5E5C228BEE93E00765846 /* Images */,
				86B5E5C328BEE95F00765846 /* Users */,
				86B5E5BE28BEE64400765846 /* LaunchScreen */,
			);
			path = Views;
			sourceTree = "<group>";
		};
		86B5E5B228BEE5DB00765846 /* Models */ = {
			isa = PBXGroup;
			children = (
				86B5E5B328BEE5E200765846 /* User */,
				86B5E5B428BEE5F400765846 /* Address */,
				86B5E5B528BEE5FA00765846 /* Geo */,
				86B5E5BF28BEE69F00765846 /* Company */,
			);
			path = Models;
			sourceTree = "<group>";
		};
		86B5E5B328BEE5E200765846 /* User */ = {
			isa = PBXGroup;
			children = (
				86B5E5B628BEE61C00765846 /* User.swift */,
			);
			path = User;
			sourceTree = "<group>";
		};
		86B5E5B428BEE5F400765846 /* Address */ = {
			isa = PBXGroup;
			children = (
				86B5E5B828BEE62300765846 /* Address.swift */,
			);
			path = Address;
			sourceTree = "<group>";
		};
		86B5E5B528BEE5FA00765846 /* Geo */ = {
			isa = PBXGroup;
			children = (
				86B5E5BB28BEE63100765846 /* Geo.swift */,
			);
			path = Geo;
			sourceTree = "<group>";
		};
		86B5E5BD28BEE63B00765846 /* Main */ = {
			isa = PBXGroup;
			children = (
				86B5E5A228BEE54D00765846 /* Main.storyboard */,
			);
			path = Main;
			sourceTree = "<group>";
		};
		86B5E5BE28BEE64400765846 /* LaunchScreen */ = {
			isa = PBXGroup;
			children = (
				86B5E5A728BEE54E00765846 /* LaunchScreen.storyboard */,
			);
			path = LaunchScreen;
			sourceTree = "<group>";
		};
		86B5E5BF28BEE69F00765846 /* Company */ = {
			isa = PBXGroup;
			children = (
				86B5E5C028BEE6AE00765846 /* Company.swift */,
			);
			path = Company;
			sourceTree = "<group>";
		};
		86B5E5C228BEE93E00765846 /* Images */ = {
			isa = PBXGroup;
			children = (
				86B5E5C928BEE9DC00765846 /* ImagesView.storyboard */,
			);
			path = Images;
			sourceTree = "<group>";
		};
		86B5E5C328BEE95F00765846 /* Users */ = {
			isa = PBXGroup;
			children = (
				86B5E5CB28BEE9E900765846 /* UsersView.storyboard */,
			);
			path = Users;
			sourceTree = "<group>";
		};
		86B5E5C428BEE97200765846 /* Flow */ = {
			isa = PBXGroup;
			children = (
				86B5E5C528BEE98100765846 /* MainVC */,
				86B5E5C628BEE98800765846 /* ImageViewsVC */,
				86B5E5C828BEE9AF00765846 /* UsersVC */,
			);
			path = Flow;
			sourceTree = "<group>";
		};
		86B5E5C528BEE98100765846 /* MainVC */ = {
			isa = PBXGroup;
			children = (
				86B5E5CD28BEEACF00765846 /* MainCVController.swift */,
				86B5E5C728BEE9A600765846 /* Cell */,
			);
			path = MainVC;
			sourceTree = "<group>";
		};
		86B5E5C628BEE98800765846 /* ImageViewsVC */ = {
			isa = PBXGroup;
			children = (
				86B5E5D128BEEB3900765846 /* ImageVC.swift */,
			);
			path = ImageViewsVC;
			sourceTree = "<group>";
		};
		86B5E5C728BEE9A600765846 /* Cell */ = {
			isa = PBXGroup;
			children = (
				86B5E5CF28BEEAF300765846 /* MainCVCell.swift */,
			);
			path = Cell;
			sourceTree = "<group>";
		};
		86B5E5C828BEE9AF00765846 /* UsersVC */ = {
			isa = PBXGroup;
			children = (
				86B5E5D528BEEB7700765846 /* UsersTBC.swift */,
			);
			path = UsersVC;
			sourceTree = "<group>";
		};
/* End PBXGroup section */

/* Begin PBXNativeTarget section */
		86B5E59828BEE54D00765846 /* APIApp */ = {
			isa = PBXNativeTarget;
			buildConfigurationList = 86B5E5AD28BEE54E00765846 /* Build configuration list for PBXNativeTarget "APIApp" */;
			buildPhases = (
				86B5E59528BEE54D00765846 /* Sources */,
				86B5E59628BEE54D00765846 /* Frameworks */,
				86B5E59728BEE54D00765846 /* Resources */,
			);
			buildRules = (
			);
			dependencies = (
			);
			name = APIApp;
			productName = APIApp;
			productReference = 86B5E59928BEE54D00765846 /* APIApp.app */;
			productType = "com.apple.product-type.application";
		};
/* End PBXNativeTarget section */

/* Begin PBXProject section */
		86B5E59128BEE54D00765846 /* Project object */ = {
			isa = PBXProject;
			attributes = {
				BuildIndependentTargetsInParallel = 1;
				LastSwiftUpdateCheck = 1340;
				LastUpgradeCheck = 1340;
				TargetAttributes = {
					86B5E59828BEE54D00765846 = {
						CreatedOnToolsVersion = 13.4.1;
					};
				};
			};
			buildConfigurationList = 86B5E59428BEE54D00765846 /* Build configuration list for PBXProject "APIApp" */;
			compatibilityVersion = "Xcode 13.0";
			developmentRegion = en;
			hasScannedForEncodings = 0;
			knownRegions = (
				en,
				Base,
			);
			mainGroup = 86B5E59028BEE54D00765846;
			productRefGroup = 86B5E59A28BEE54D00765846 /* Products */;
			projectDirPath = "";
			projectRoot = "";
			targets = (
				86B5E59828BEE54D00765846 /* APIApp */,
			);
		};
/* End PBXProject section */

/* Begin PBXResourcesBuildPhase section */
		86B5E59728BEE54D00765846 /* Resources */ = {
			isa = PBXResourcesBuildPhase;
			buildActionMask = 2147483647;
			files = (
				86B5E5A928BEE54E00765846 /* LaunchScreen.storyboard in Resources */,
				86B5E5CA28BEE9DC00765846 /* ImagesView.storyboard in Resources */,
				86B5E5A628BEE54E00765846 /* Assets.xcassets in Resources */,
				86B5E5A428BEE54D00765846 /* Main.storyboard in Resources */,
				86B5E5CC28BEE9E900765846 /* UsersView.storyboard in Resources */,
			);
			runOnlyForDeploymentPostprocessing = 0;
		};
/* End PBXResourcesBuildPhase section */

/* Begin PBXSourcesBuildPhase section */
		86B5E59528BEE54D00765846 /* Sources */ = {
			isa = PBXSourcesBuildPhase;
			buildActionMask = 2147483647;
			files = (
				86B5E59D28BEE54D00765846 /* AppDelegate.swift in Sources */,
				86B5E5D028BEEAF300765846 /* MainCVCell.swift in Sources */,
				86B5E59F28BEE54D00765846 /* SceneDelegate.swift in Sources */,
				86B5E5C128BEE6AE00765846 /* Company.swift in Sources */,
				86B5E5B928BEE62300765846 /* Address.swift in Sources */,
				86B5E5BC28BEE63100765846 /* Geo.swift in Sources */,
				86B5E5D628BEEB7700765846 /* UsersTBC.swift in Sources */,
				86B5E5CE28BEEACF00765846 /* MainCVController.swift in Sources */,
				86B5E5B728BEE61C00765846 /* User.swift in Sources */,
				86B5E5D228BEEB3900765846 /* ImageVC.swift in Sources */,
			);
			runOnlyForDeploymentPostprocessing = 0;
		};
/* End PBXSourcesBuildPhase section */

/* Begin PBXVariantGroup section */
		86B5E5A228BEE54D00765846 /* Main.storyboard */ = {
			isa = PBXVariantGroup;
			children = (
				86B5E5A328BEE54D00765846 /* Base */,
			);
			name = Main.storyboard;
			sourceTree = "<group>";
		};
		86B5E5A728BEE54E00765846 /* LaunchScreen.storyboard */ = {
			isa = PBXVariantGroup;
			children = (
				86B5E5A828BEE54E00765846 /* Base */,
			);
			name = LaunchScreen.storyboard;
			sourceTree = "<group>";
		};
/* End PBXVariantGroup section */

/* Begin XCBuildConfiguration section */
		86B5E5AB28BEE54E00765846 /* Debug */ = {
			isa = XCBuildConfiguration;
			buildSettings = {
				ALWAYS_SEARCH_USER_PATHS = NO;
				CLANG_ANALYZER_NONNULL = YES;
				CLANG_ANALYZER_NUMBER_OBJECT_CONVERSION = YES_AGGRESSIVE;
				CLANG_CXX_LANGUAGE_STANDARD = "gnu++17";
				CLANG_ENABLE_MODULES = YES;
				CLANG_ENABLE_OBJC_ARC = YES;
				CLANG_ENABLE_OBJC_WEAK = YES;
				CLANG_WARN_BLOCK_CAPTURE_AUTORELEASING = YES;
				CLANG_WARN_BOOL_CONVERSION = YES;
				CLANG_WARN_COMMA = YES;
				CLANG_WARN_CONSTANT_CONVERSION = YES;
				CLANG_WARN_DEPRECATED_OBJC_IMPLEMENTATIONS = YES;
				CLANG_WARN_DIRECT_OBJC_ISA_USAGE = YES_ERROR;
				CLANG_WARN_DOCUMENTATION_COMMENTS = YES;
				CLANG_WARN_EMPTY_BODY = YES;
				CLANG_WARN_ENUM_CONVERSION = YES;
				CLANG_WARN_INFINITE_RECURSION = YES;
				CLANG_WARN_INT_CONVERSION = YES;
				CLANG_WARN_NON_LITERAL_NULL_CONVERSION = YES;
				CLANG_WARN_OBJC_IMPLICIT_RETAIN_SELF = YES;
				CLANG_WARN_OBJC_LITERAL_CONVERSION = YES;
				CLANG_WARN_OBJC_ROOT_CLASS = YES_ERROR;
				CLANG_WARN_QUOTED_INCLUDE_IN_FRAMEWORK_HEADER = YES;
				CLANG_WARN_RANGE_LOOP_ANALYSIS = YES;
				CLANG_WARN_STRICT_PROTOTYPES = YES;
				CLANG_WARN_SUSPICIOUS_MOVE = YES;
				CLANG_WARN_UNGUARDED_AVAILABILITY = YES_AGGRESSIVE;
				CLANG_WARN_UNREACHABLE_CODE = YES;
				CLANG_WARN__DUPLICATE_METHOD_MATCH = YES;
				COPY_PHASE_STRIP = NO;
				DEBUG_INFORMATION_FORMAT = dwarf;
				ENABLE_STRICT_OBJC_MSGSEND = YES;
				ENABLE_TESTABILITY = YES;
				GCC_C_LANGUAGE_STANDARD = gnu11;
				GCC_DYNAMIC_NO_PIC = NO;
				GCC_NO_COMMON_BLOCKS = YES;
				GCC_OPTIMIZATION_LEVEL = 0;
				GCC_PREPROCESSOR_DEFINITIONS = (
					"DEBUG=1",
					"$(inherited)",
				);
				GCC_WARN_64_TO_32_BIT_CONVERSION = YES;
				GCC_WARN_ABOUT_RETURN_TYPE = YES_ERROR;
				GCC_WARN_UNDECLARED_SELECTOR = YES;
				GCC_WARN_UNINITIALIZED_AUTOS = YES_AGGRESSIVE;
				GCC_WARN_UNUSED_FUNCTION = YES;
				GCC_WARN_UNUSED_VARIABLE = YES;
				IPHONEOS_DEPLOYMENT_TARGET = 15.5;
				MTL_ENABLE_DEBUG_INFO = INCLUDE_SOURCE;
				MTL_FAST_MATH = YES;
				ONLY_ACTIVE_ARCH = YES;
				SDKROOT = iphoneos;
				SWIFT_ACTIVE_COMPILATION_CONDITIONS = DEBUG;
				SWIFT_OPTIMIZATION_LEVEL = "-Onone";
			};
			name = Debug;
		};
		86B5E5AC28BEE54E00765846 /* Release */ = {
			isa = XCBuildConfiguration;
			buildSettings = {
				ALWAYS_SEARCH_USER_PATHS = NO;
				CLANG_ANALYZER_NONNULL = YES;
				CLANG_ANALYZER_NUMBER_OBJECT_CONVERSION = YES_AGGRESSIVE;
				CLANG_CXX_LANGUAGE_STANDARD = "gnu++17";
				CLANG_ENABLE_MODULES = YES;
				CLANG_ENABLE_OBJC_ARC = YES;
				CLANG_ENABLE_OBJC_WEAK = YES;
				CLANG_WARN_BLOCK_CAPTURE_AUTORELEASING = YES;
				CLANG_WARN_BOOL_CONVERSION = YES;
				CLANG_WARN_COMMA = YES;
				CLANG_WARN_CONSTANT_CONVERSION = YES;
				CLANG_WARN_DEPRECATED_OBJC_IMPLEMENTATIONS = YES;
				CLANG_WARN_DIRECT_OBJC_ISA_USAGE = YES_ERROR;
				CLANG_WARN_DOCUMENTATION_COMMENTS = YES;
				CLANG_WARN_EMPTY_BODY = YES;
				CLANG_WARN_ENUM_CONVERSION = YES;
				CLANG_WARN_INFINITE_RECURSION = YES;
				CLANG_WARN_INT_CONVERSION = YES;
				CLANG_WARN_NON_LITERAL_NULL_CONVERSION = YES;
				CLANG_WARN_OBJC_IMPLICIT_RETAIN_SELF = YES;
				CLANG_WARN_OBJC_LITERAL_CONVERSION = YES;
				CLANG_WARN_OBJC_ROOT_CLASS = YES_ERROR;
				CLANG_WARN_QUOTED_INCLUDE_IN_FRAMEWORK_HEADER = YES;
				CLANG_WARN_RANGE_LOOP_ANALYSIS = YES;
				CLANG_WARN_STRICT_PROTOTYPES = YES;
				CLANG_WARN_SUSPICIOUS_MOVE = YES;
				CLANG_WARN_UNGUARDED_AVAILABILITY = YES_AGGRESSIVE;
				CLANG_WARN_UNREACHABLE_CODE = YES;
				CLANG_WARN__DUPLICATE_METHOD_MATCH = YES;
				COPY_PHASE_STRIP = NO;
				DEBUG_INFORMATION_FORMAT = "dwarf-with-dsym";
				ENABLE_NS_ASSERTIONS = NO;
				ENABLE_STRICT_OBJC_MSGSEND = YES;
				GCC_C_LANGUAGE_STANDARD = gnu11;
				GCC_NO_COMMON_BLOCKS = YES;
				GCC_WARN_64_TO_32_BIT_CONVERSION = YES;
				GCC_WARN_ABOUT_RETURN_TYPE = YES_ERROR;
				GCC_WARN_UNDECLARED_SELECTOR = YES;
				GCC_WARN_UNINITIALIZED_AUTOS = YES_AGGRESSIVE;
				GCC_WARN_UNUSED_FUNCTION = YES;
				GCC_WARN_UNUSED_VARIABLE = YES;
				IPHONEOS_DEPLOYMENT_TARGET = 15.5;
				MTL_ENABLE_DEBUG_INFO = NO;
				MTL_FAST_MATH = YES;
				SDKROOT = iphoneos;
				SWIFT_COMPILATION_MODE = wholemodule;
				SWIFT_OPTIMIZATION_LEVEL = "-O";
				VALIDATE_PRODUCT = YES;
			};
			name = Release;
		};
		86B5E5AE28BEE54E00765846 /* Debug */ = {
			isa = XCBuildConfiguration;
			buildSettings = {
				ASSETCATALOG_COMPILER_APPICON_NAME = AppIcon;
				ASSETCATALOG_COMPILER_GLOBAL_ACCENT_COLOR_NAME = AccentColor;
				CODE_SIGN_STYLE = Automatic;
				CURRENT_PROJECT_VERSION = 1;
				DEVELOPMENT_TEAM = 93CY94Z655;
				GENERATE_INFOPLIST_FILE = YES;
				INFOPLIST_FILE = APIApp/Info.plist;
				INFOPLIST_KEY_UIApplicationSupportsIndirectInputEvents = YES;
				INFOPLIST_KEY_UILaunchStoryboardName = LaunchScreen;
				INFOPLIST_KEY_UIMainStoryboardFile = Main;
				INFOPLIST_KEY_UISupportedInterfaceOrientations_iPad = "UIInterfaceOrientationPortrait UIInterfaceOrientationPortraitUpsideDown UIInterfaceOrientationLandscapeLeft UIInterfaceOrientationLandscapeRight";
				INFOPLIST_KEY_UISupportedInterfaceOrientations_iPhone = "UIInterfaceOrientationPortrait UIInterfaceOrientationLandscapeLeft UIInterfaceOrientationLandscapeRight";
				LD_RUNPATH_SEARCH_PATHS = (
					"$(inherited)",
					"@executable_path/Frameworks",
				);
				MARKETING_VERSION = 1.0;
				PRODUCT_BUNDLE_IDENTIFIER = by.APIApp.APIApp;
				PRODUCT_NAME = "$(TARGET_NAME)";
				SWIFT_EMIT_LOC_STRINGS = YES;
				SWIFT_VERSION = 5.0;
				TARGETED_DEVICE_FAMILY = "1,2";
			};
			name = Debug;
		};
		86B5E5AF28BEE54E00765846 /* Release */ = {
			isa = XCBuildConfiguration;
			buildSettings = {
				ASSETCATALOG_COMPILER_APPICON_NAME = AppIcon;
				ASSETCATALOG_COMPILER_GLOBAL_ACCENT_COLOR_NAME = AccentColor;
				CODE_SIGN_STYLE = Automatic;
				CURRENT_PROJECT_VERSION = 1;
				DEVELOPMENT_TEAM = 93CY94Z655;
				GENERATE_INFOPLIST_FILE = YES;
				INFOPLIST_FILE = APIApp/Info.plist;
				INFOPLIST_KEY_UIApplicationSupportsIndirectInputEvents = YES;
				INFOPLIST_KEY_UILaunchStoryboardName = LaunchScreen;
				INFOPLIST_KEY_UIMainStoryboardFile = Main;
				INFOPLIST_KEY_UISupportedInterfaceOrientations_iPad = "UIInterfaceOrientationPortrait UIInterfaceOrientationPortraitUpsideDown UIInterfaceOrientationLandscapeLeft UIInterfaceOrientationLandscapeRight";
				INFOPLIST_KEY_UISupportedInterfaceOrientations_iPhone = "UIInterfaceOrientationPortrait UIInterfaceOrientationLandscapeLeft UIInterfaceOrientationLandscapeRight";
				LD_RUNPATH_SEARCH_PATHS = (
					"$(inherited)",
					"@executable_path/Frameworks",
				);
				MARKETING_VERSION = 1.0;
				PRODUCT_BUNDLE_IDENTIFIER = by.APIApp.APIApp;
				PRODUCT_NAME = "$(TARGET_NAME)";
				SWIFT_EMIT_LOC_STRINGS = YES;
				SWIFT_VERSION = 5.0;
				TARGETED_DEVICE_FAMILY = "1,2";
			};
			name = Release;
		};
/* End XCBuildConfiguration section */

/* Begin XCConfigurationList section */
		86B5E59428BEE54D00765846 /* Build configuration list for PBXProject "APIApp" */ = {
			isa = XCConfigurationList;
			buildConfigurations = (
				86B5E5AB28BEE54E00765846 /* Debug */,
				86B5E5AC28BEE54E00765846 /* Release */,
			);
			defaultConfigurationIsVisible = 0;
			defaultConfigurationName = Release;
		};
		86B5E5AD28BEE54E00765846 /* Build configuration list for PBXNativeTarget "APIApp" */ = {
			isa = XCConfigurationList;
			buildConfigurations = (
				86B5E5AE28BEE54E00765846 /* Debug */,
				86B5E5AF28BEE54E00765846 /* Release */,
			);
			defaultConfigurationIsVisible = 0;
			defaultConfigurationName = Release;
		};
/* End XCConfigurationList section */
	};
	rootObject = 86B5E59128BEE54D00765846 /* Project object */;
}
